
Microsoft Visual Studio Solution File, Format Version 12.00
# Visual Studio 2013
VisualStudioVersion = 12.0.21005.1
MinimumVisualStudioVersion = 10.0.40219.1
Project("{FAE04EC0-301F-11D3-BF4B-00C04F79EFBC}") = "MultimediaLayout", "MultimediaLayout\MultimediaLayout.csproj", "{E4A1B960-464D-4FF8-9CF6-62553E413865}"
EndProject
Global
	GlobalSection(SolutionConfigurationPlatforms) = preSolution
		Debug|Any CPU = Debug|Any CPU
		Release|Any CPU = Release|Any CPU
	EndGlobalSection
	GlobalSection(ProjectConfigurationPlatforms) = postSolution
		{E4A1B960-464D-4FF8-9CF6-62553E413865}.Debug|Any CPU.ActiveCfg = Debug|Any CPU
		{E4A1B960-464D-4FF8-9CF6-62553E413865}.Debug|Any CPU.Build.0 = Debug|Any CPU
		{E4A1B960-464D-4FF8-9CF6-62553E413865}.Release|Any CPU.ActiveCfg = Release|Any CPU
		{E4A1B960-464D-4FF8-9CF6-62553E413865}.Release|Any CPU.Build.0 = Release|Any CPU
	EndGlobalSection
	GlobalSection(SolutionProperties) = preSolution
		HideSolutionNode = FALSE
	EndGlobalSection
EndGlobal
